// !$*UTF8*$!
{
	archiveVersion = 1;
	classes = {
	};
	objectVersion = 47;
	objects = {

/* Begin PBXBuildFile section */
		421B51851D3A26E400DE2291 /* db.sqlite in Resources */ = {isa = PBXBuildFile; fileRef = 421B51841D3A26E400DE2291 /* db.sqlite */; settings = {ASSET_TAGS = (); }; };
		4288293E1D37847600035A14 /* main.m in Sources */ = {isa = PBXBuildFile; fileRef = 4288293D1D37847600035A14 /* main.m */; };
		428829411D37847600035A14 /* AppDelegate.m in Sources */ = {isa = PBXBuildFile; fileRef = 428829401D37847600035A14 /* AppDelegate.m */; };
		428829441D37847600035A14 /* ViewController.m in Sources */ = {isa = PBXBuildFile; fileRef = 428829431D37847600035A14 /* ViewController.m */; };
		428829471D37847600035A14 /* Main.storyboard in Resources */ = {isa = PBXBuildFile; fileRef = 428829451D37847600035A14 /* Main.storyboard */; };
		428829491D37847600035A14 /* Assets.xcassets in Resources */ = {isa = PBXBuildFile; fileRef = 428829481D37847600035A14 /* Assets.xcassets */; };
		4288294C1D37847600035A14 /* LaunchScreen.storyboard in Resources */ = {isa = PBXBuildFile; fileRef = 4288294A1D37847600035A14 /* LaunchScreen.storyboard */; };
		428829561D37867300035A14 /* UIArticleListViewController.m in Sources */ = {isa = PBXBuildFile; fileRef = 428829551D37867300035A14 /* UIArticleListViewController.m */; settings = {ASSET_TAGS = (); }; };
		428829591D37868900035A14 /* UIArticleDetailViewController.m in Sources */ = {isa = PBXBuildFile; fileRef = 428829581D37868900035A14 /* UIArticleDetailViewController.m */; settings = {ASSET_TAGS = (); }; };
		4288295B1D378BB000035A14 /* libsqlite3.tbd in Frameworks */ = {isa = PBXBuildFile; fileRef = 4288295A1D378BB000035A14 /* libsqlite3.tbd */; };
		4288295F1D37991700035A14 /* ContentModel.m in Sources */ = {isa = PBXBuildFile; fileRef = 4288295E1D37991700035A14 /* ContentModel.m */; settings = {ASSET_TAGS = (); }; };
		428829631D379E5000035A14 /* ContentCell.m in Sources */ = {isa = PBXBuildFile; fileRef = 428829621D379E5000035A14 /* ContentCell.m */; settings = {ASSET_TAGS = (); }; };
		42895EC61D39D37D007802A1 /* NSString+Extension.m in Sources */ = {isa = PBXBuildFile; fileRef = 42895EC51D39D37D007802A1 /* NSString+Extension.m */; settings = {ASSET_TAGS = (); }; };
		42895EC91D39FBCC007802A1 /* PcontentModel.m in Sources */ = {isa = PBXBuildFile; fileRef = 42895EC81D39FBCC007802A1 /* PcontentModel.m */; settings = {ASSET_TAGS = (); }; };
		42C534FE1D38B5C200151CA6 /* Property List.plist in Resources */ = {isa = PBXBuildFile; fileRef = 42C534FD1D38B5C200151CA6 /* Property List.plist */; settings = {ASSET_TAGS = (); }; };
/* End PBXBuildFile section */

/* Begin PBXFileReference section */
		421B51841D3A26E400DE2291 /* db.sqlite */ = {isa = PBXFileReference; lastKnownFileType = file; path = db.sqlite; sourceTree = "<group>"; };
		428829391D37847600035A14 /* ZXArticle.app */ = {isa = PBXFileReference; explicitFileType = wrapper.application; includeInIndex = 0; path = ZXArticle.app; sourceTree = BUILT_PRODUCTS_DIR; };
		4288293D1D37847600035A14 /* main.m */ = {isa = PBXFileReference; lastKnownFileType = sourcecode.c.objc; path = main.m; sourceTree = "<group>"; };
		4288293F1D37847600035A14 /* AppDelegate.h */ = {isa = PBXFileReference; lastKnownFileType = sourcecode.c.h; path = AppDelegate.h; sourceTree = "<group>"; };
		428829401D37847600035A14 /* AppDelegate.m */ = {isa = PBXFileReference; lastKnownFileType = sourcecode.c.objc; path = AppDelegate.m; sourceTree = "<group>"; };
		428829421D37847600035A14 /* ViewController.h */ = {isa = PBXFileReference; lastKnownFileType = sourcecode.c.h; path = ViewController.h; sourceTree = "<group>"; };
		428829431D37847600035A14 /* ViewController.m */ = {isa = PBXFileReference; lastKnownFileType = sourcecode.c.objc; path = ViewController.m; sourceTree = "<group>"; };
		428829461D37847600035A14 /* Base */ = {isa = PBXFileReference; lastKnownFileType = file.storyboard; name = Base; path = Base.lproj/Main.storyboard; sourceTree = "<group>"; };
		428829481D37847600035A14 /* Assets.xcassets */ = {isa = PBXFileReference; lastKnownFileType = folder.assetcatalog; path = Assets.xcassets; sourceTree = "<group>"; };
		4288294B1D37847600035A14 /* Base */ = {isa = PBXFileReference; lastKnownFileType = file.storyboard; name = Base; path = Base.lproj/LaunchScreen.storyboard; sourceTree = "<group>"; };
		4288294D1D37847600035A14 /* Info.plist */ = {isa = PBXFileReference; lastKnownFileType = text.plist.xml; path = Info.plist; sourceTree = "<group>"; };
		428829541D37867300035A14 /* UIArticleListViewController.h */ = {isa = PBXFileReference; fileEncoding = 4; lastKnownFileType = sourcecode.c.h; path = UIArticleListViewController.h; sourceTree = "<group>"; };
		428829551D37867300035A14 /* UIArticleListViewController.m */ = {isa = PBXFileReference; fileEncoding = 4; lastKnownFileType = sourcecode.c.objc; path = UIArticleListViewController.m; sourceTree = "<group>"; };
		428829571D37868900035A14 /* UIArticleDetailViewController.h */ = {isa = PBXFileReference; fileEncoding = 4; lastKnownFileType = sourcecode.c.h; path = UIArticleDetailViewController.h; sourceTree = "<group>"; };
		428829581D37868900035A14 /* UIArticleDetailViewController.m */ = {isa = PBXFileReference; fileEncoding = 4; lastKnownFileType = sourcecode.c.objc; path = UIArticleDetailViewController.m; sourceTree = "<group>"; };
		4288295A1D378BB000035A14 /* libsqlite3.tbd */ = {isa = PBXFileReference; lastKnownFileType = "sourcecode.text-based-dylib-definition"; name = libsqlite3.tbd; path = usr/lib/libsqlite3.tbd; sourceTree = SDKROOT; };
		4288295D1D37991700035A14 /* ContentModel.h */ = {isa = PBXFileReference; fileEncoding = 4; lastKnownFileType = sourcecode.c.h; path = ContentModel.h; sourceTree = "<group>"; };
		4288295E1D37991700035A14 /* ContentModel.m */ = {isa = PBXFileReference; fileEncoding = 4; lastKnownFileType = sourcecode.c.objc; path = ContentModel.m; sourceTree = "<group>"; };
		428829611D379E5000035A14 /* ContentCell.h */ = {isa = PBXFileReference; fileEncoding = 4; lastKnownFileType = sourcecode.c.h; path = ContentCell.h; sourceTree = "<group>"; };
		428829621D379E5000035A14 /* ContentCell.m */ = {isa = PBXFileReference; fileEncoding = 4; lastKnownFileType = sourcecode.c.objc; path = ContentCell.m; sourceTree = "<group>"; };
		42895EC41D39D37D007802A1 /* NSString+Extension.h */ = {isa = PBXFileReference; fileEncoding = 4; lastKnownFileType = sourcecode.c.h; path = "NSString+Extension.h"; sourceTree = "<group>"; };
		42895EC51D39D37D007802A1 /* NSString+Extension.m */ = {isa = PBXFileReference; fileEncoding = 4; lastKnownFileType = sourcecode.c.objc; path = "NSString+Extension.m"; sourceTree = "<group>"; };
		42895EC71D39FBCC007802A1 /* PcontentModel.h */ = {isa = PBXFileReference; fileEncoding = 4; lastKnownFileType = sourcecode.c.h; path = PcontentModel.h; sourceTree = "<group>"; };
		42895EC81D39FBCC007802A1 /* PcontentModel.m */ = {isa = PBXFileReference; fileEncoding = 4; lastKnownFileType = sourcecode.c.objc; path = PcontentModel.m; sourceTree = "<group>"; };
		42C534FD1D38B5C200151CA6 /* Property List.plist */ = {isa = PBXFileReference; fileEncoding = 4; lastKnownFileType = text.plist.xml; path = "Property List.plist"; sourceTree = "<group>"; };
/* End PBXFileReference section */

/* Begin PBXFrameworksBuildPhase section */
		428829361D37847600035A14 /* Frameworks */ = {
			isa = PBXFrameworksBuildPhase;
			buildActionMask = 2147483647;
			files = (
				4288295B1D378BB000035A14 /* libsqlite3.tbd in Frameworks */,
			);
			runOnlyForDeploymentPostprocessing = 0;
		};
/* End PBXFrameworksBuildPhase section */

/* Begin PBXGroup section */
		428829301D37847600035A14 = {
			isa = PBXGroup;
			children = (
				4288295A1D378BB000035A14 /* libsqlite3.tbd */,
				4288293B1D37847600035A14 /* ZXArticle */,
				4288293A1D37847600035A14 /* Products */,
			);
			sourceTree = "<group>";
		};
		4288293A1D37847600035A14 /* Products */ = {
			isa = PBXGroup;
			children = (
				428829391D37847600035A14 /* ZXArticle.app */,
			);
			name = Products;
			sourceTree = "<group>";
		};
		4288293B1D37847600035A14 /* ZXArticle */ = {
			isa = PBXGroup;
			children = (
				421B51841D3A26E400DE2291 /* db.sqlite */,
				42C534F81D38992B00151CA6 /* Assets */,
				42C534D11D3881ED00151CA6 /* Tool */,
				428829601D379E1F00035A14 /* View */,
				4288295C1D3798F200035A14 /* Model */,
				428829531D37860200035A14 /* Controller */,
				4288293F1D37847600035A14 /* AppDelegate.h */,
				428829401D37847600035A14 /* AppDelegate.m */,
				428829421D37847600035A14 /* ViewController.h */,
				428829431D37847600035A14 /* ViewController.m */,
				428829451D37847600035A14 /* Main.storyboard */,
				428829481D37847600035A14 /* Assets.xcassets */,
				4288294A1D37847600035A14 /* LaunchScreen.storyboard */,
				4288294D1D37847600035A14 /* Info.plist */,
				4288293C1D37847600035A14 /* Supporting Files */,
				42C534FD1D38B5C200151CA6 /* Property List.plist */,
			);
			path = ZXArticle;
			sourceTree = "<group>";
		};
		4288293C1D37847600035A14 /* Supporting Files */ = {
			isa = PBXGroup;
			children = (
				4288293D1D37847600035A14 /* main.m */,
			);
			name = "Supporting Files";
			sourceTree = "<group>";
		};
		428829531D37860200035A14 /* Controller */ = {
			isa = PBXGroup;
			children = (
				428829541D37867300035A14 /* UIArticleListViewController.h */,
				428829551D37867300035A14 /* UIArticleListViewController.m */,
				428829571D37868900035A14 /* UIArticleDetailViewController.h */,
				428829581D37868900035A14 /* UIArticleDetailViewController.m */,
			);
			name = Controller;
			sourceTree = "<group>";
		};
		4288295C1D3798F200035A14 /* Model */ = {
			isa = PBXGroup;
			children = (
				4288295D1D37991700035A14 /* ContentModel.h */,
				4288295E1D37991700035A14 /* ContentModel.m */,
				42895EC71D39FBCC007802A1 /* PcontentModel.h */,
				42895EC81D39FBCC007802A1 /* PcontentModel.m */,
			);
			name = Model;
			sourceTree = "<group>";
		};
		428829601D379E1F00035A14 /* View */ = {
			isa = PBXGroup;
			children = (
				428829611D379E5000035A14 /* ContentCell.h */,
				428829621D379E5000035A14 /* ContentCell.m */,
			);
			name = View;
			sourceTree = "<group>";
		};
		42C534D11D3881ED00151CA6 /* Tool */ = {
			isa = PBXGroup;
			children = (
				42895EC41D39D37D007802A1 /* NSString+Extension.h */,
				42895EC51D39D37D007802A1 /* NSString+Extension.m */,
			);
			name = Tool;
			sourceTree = "<group>";
		};
		42C534F81D38992B00151CA6 /* Assets */ = {
			isa = PBXGroup;
			children = (
			);
			name = Assets;
			sourceTree = "<group>";
		};
/* End PBXGroup section */

/* Begin PBXNativeTarget section */
		428829381D37847600035A14 /* ZXArticle */ = {
			isa = PBXNativeTarget;
			buildConfigurationList = 428829501D37847600035A14 /* Build configuration list for PBXNativeTarget "ZXArticle" */;
			buildPhases = (
				428829351D37847600035A14 /* Sources */,
				428829361D37847600035A14 /* Frameworks */,
				428829371D37847600035A14 /* Resources */,
			);
			buildRules = (
			);
			dependencies = (
			);
			name = ZXArticle;
			productName = ZXArticle;
			productReference = 428829391D37847600035A14 /* ZXArticle.app */;
			productType = "com.apple.product-type.application";
		};
/* End PBXNativeTarget section */

/* Begin PBXProject section */
		428829311D37847600035A14 /* Project object */ = {
			isa = PBXProject;
			attributes = {
				LastUpgradeCheck = 0700;
				ORGANIZATIONNAME = MacHuicuitong;
				TargetAttributes = {
					428829381D37847600035A14 = {
						CreatedOnToolsVersion = 7.0.1;
					};
				};
			};
			buildConfigurationList = 428829341D37847600035A14 /* Build configuration list for PBXProject "ZXArticle" */;
			compatibilityVersion = "Xcode 6.3";
			developmentRegion = English;
			hasScannedForEncodings = 0;
			knownRegions = (
				en,
				Base,
			);
			mainGroup = 428829301D37847600035A14;
			productRefGroup = 4288293A1D37847600035A14 /* Products */;
			projectDirPath = "";
			projectRoot = "";
			targets = (
				428829381D37847600035A14 /* ZXArticle */,
			);
		};
/* End PBXProject section */

/* Begin PBXResourcesBuildPhase section */
		428829371D37847600035A14 /* Resources */ = {
			isa = PBXResourcesBuildPhase;
			buildActionMask = 2147483647;
			files = (
				421B51851D3A26E400DE2291 /* db.sqlite in Resources */,
				4288294C1D37847600035A14 /* LaunchScreen.storyboard in Resources */,
				428829491D37847600035A14 /* Assets.xcassets in Resources */,
				42C534FE1D38B5C200151CA6 /* Property List.plist in Resources */,
				428829471D37847600035A14 /* Main.storyboard in Resources */,
			);
			runOnlyForDeploymentPostprocessing = 0;
		};
/* End PBXResourcesBuildPhase section */

/* Begin PBXSourcesBuildPhase section */
		428829351D37847600035A14 /* Sources */ = {
			isa = PBXSourcesBuildPhase;
			buildActionMask = 2147483647;
			files = (
				428829441D37847600035A14 /* ViewController.m in Sources */,
				428829631D379E5000035A14 /* ContentCell.m in Sources */,
				428829561D37867300035A14 /* UIArticleListViewController.m in Sources */,
				42895EC91D39FBCC007802A1 /* PcontentModel.m in Sources */,
				428829411D37847600035A14 /* AppDelegate.m in Sources */,
				4288293E1D37847600035A14 /* main.m in Sources */,
				428829591D37868900035A14 /* UIArticleDetailViewController.m in Sources */,
				4288295F1D37991700035A14 /* ContentModel.m in Sources */,
				42895EC61D39D37D007802A1 /* NSString+Extension.m in Sources */,
			);
			runOnlyForDeploymentPostprocessing = 0;
		};
/* End PBXSourcesBuildPhase section */

/* Begin PBXVariantGroup section */
		428829451D37847600035A14 /* Main.storyboard */ = {
			isa = PBXVariantGroup;
			children = (
				428829461D37847600035A14 /* Base */,
			);
			name = Main.storyboard;
			sourceTree = "<group>";
		};
		4288294A1D37847600035A14 /* LaunchScreen.storyboard */ = {
			isa = PBXVariantGroup;
			children = (
				4288294B1D37847600035A14 /* Base */,
			);
			name = LaunchScreen.storyboard;
			sourceTree = "<group>";
		};
/* End PBXVariantGroup section */

/* Begin XCBuildConfiguration section */
		4288294E1D37847600035A14 /* Debug */ = {
			isa = XCBuildConfiguration;
			buildSettings = {
				ALWAYS_SEARCH_USER_PATHS = NO;
				CLANG_CXX_LANGUAGE_STANDARD = "gnu++0x";
				CLANG_CXX_LIBRARY = "libc++";
				CLANG_ENABLE_MODULES = YES;
				CLANG_ENABLE_OBJC_ARC = YES;
				CLANG_WARN_BOOL_CONVERSION = YES;
				CLANG_WARN_CONSTANT_CONVERSION = YES;
				CLANG_WARN_DIRECT_OBJC_ISA_USAGE = YES_ERROR;
				CLANG_WARN_EMPTY_BODY = YES;
				CLANG_WARN_ENUM_CONVERSION = YES;
				CLANG_WARN_INT_CONVERSION = YES;
				CLANG_WARN_OBJC_ROOT_CLASS = YES_ERROR;
				CLANG_WARN_UNREACHABLE_CODE = YES;
				CLANG_WARN__DUPLICATE_METHOD_MATCH = YES;
				"CODE_SIGN_IDENTITY[sdk=iphoneos*]" = "iPhone Developer";
				COPY_PHASE_STRIP = NO;
				DEBUG_INFORMATION_FORMAT = dwarf;
				ENABLE_STRICT_OBJC_MSGSEND = YES;
				ENABLE_TESTABILITY = YES;
				GCC_C_LANGUAGE_STANDARD = gnu99;
				GCC_DYNAMIC_NO_PIC = NO;
				GCC_NO_COMMON_BLOCKS = YES;
				GCC_OPTIMIZATION_LEVEL = 0;
				GCC_PREPROCESSOR_DEFINITIONS = (
					"DEBUG=1",
					"$(inherited)",
				);
				GCC_WARN_64_TO_32_BIT_CONVERSION = YES;
				GCC_WARN_ABOUT_RETURN_TYPE = YES_ERROR;
				GCC_WARN_UNDECLARED_SELECTOR = YES;
				GCC_WARN_UNINITIALIZED_AUTOS = YES_AGGRESSIVE;
				GCC_WARN_UNUSED_FUNCTION = YES;
				GCC_WARN_UNUSED_VARIABLE = YES;
				IPHONEOS_DEPLOYMENT_TARGET = 9.0;
				MTL_ENABLE_DEBUG_INFO = YES;
				ONLY_ACTIVE_ARCH = YES;
				SDKROOT = iphoneos;
			};
			name = Debug;
		};
		4288294F1D37847600035A14 /* Release */ = {
			isa = XCBuildConfiguration;
			buildSettings = {
				ALWAYS_SEARCH_USER_PATHS = NO;
				CLANG_CXX_LANGUAGE_STANDARD = "gnu++0x";
				CLANG_CXX_LIBRARY = "libc++";
				CLANG_ENABLE_MODULES = YES;
				CLANG_ENABLE_OBJC_ARC = YES;
				CLANG_WARN_BOOL_CONVERSION = YES;
				CLANG_WARN_CONSTANT_CONVERSION = YES;
				CLANG_WARN_DIRECT_OBJC_ISA_USAGE = YES_ERROR;
				CLANG_WARN_EMPTY_BODY = YES;
				CLANG_WARN_ENUM_CONVERSION = YES;
				CLANG_WARN_INT_CONVERSION = YES;
				CLANG_WARN_OBJC_ROOT_CLASS = YES_ERROR;
				CLANG_WARN_UNREACHABLE_CODE = YES;
				CLANG_WARN__DUPLICATE_METHOD_MATCH = YES;
				"CODE_SIGN_IDENTITY[sdk=iphoneos*]" = "iPhone Developer";
				COPY_PHASE_STRIP = NO;
				DEBUG_INFORMATION_FORMAT = "dwarf-with-dsym";
				ENABLE_NS_ASSERTIONS = NO;
				ENABLE_STRICT_OBJC_MSGSEND = YES;
				GCC_C_LANGUAGE_STANDARD = gnu99;
				GCC_NO_COMMON_BLOCKS = YES;
				GCC_WARN_64_TO_32_BIT_CONVERSION = YES;
				GCC_WARN_ABOUT_RETURN_TYPE = YES_ERROR;
				GCC_WARN_UNDECLARED_SELECTOR = YES;
				GCC_WARN_UNINITIALIZED_AUTOS = YES_AGGRESSIVE;
				GCC_WARN_UNUSED_FUNCTION = YES;
				GCC_WARN_UNUSED_VARIABLE = YES;
				IPHONEOS_DEPLOYMENT_TARGET = 9.0;
				MTL_ENABLE_DEBUG_INFO = NO;
				SDKROOT = iphoneos;
				VALIDATE_PRODUCT = YES;
			};
			name = Release;
		};
		428829511D37847600035A14 /* Debug */ = {
			isa = XCBuildConfiguration;
			buildSettings = {
				ASSETCATALOG_COMPILER_APPICON_NAME = AppIcon;
				INFOPLIST_FILE = ZXArticle/Info.plist;
				IPHONEOS_DEPLOYMENT_TARGET = 9.0;
				LD_RUNPATH_SEARCH_PATHS = "$(inherited) @executable_path/Frameworks";
				PRODUCT_BUNDLE_IDENTIFIER = Zxxx.ZXArticle;
				PRODUCT_NAME = "$(TARGET_NAME)";
				SDKROOT = iphoneos9.0;
				TARGETED_DEVICE_FAMILY = 1;
			};
			name = Debug;
		};
		428829521D37847600035A14 /* Release */ = {
			isa = XCBuildConfiguration;
			buildSettings = {
				ASSETCATALOG_COMPILER_APPICON_NAME = AppIcon;
				INFOPLIST_FILE = ZXArticle/Info.plist;
				IPHONEOS_DEPLOYMENT_TARGET = 9.0;
				LD_RUNPATH_SEARCH_PATHS = "$(inherited) @executable_path/Frameworks";
				PRODUCT_BUNDLE_IDENTIFIER = Zxxx.ZXArticle;
				PRODUCT_NAME = "$(TARGET_NAME)";
				SDKROOT = iphoneos9.0;
				TARGETED_DEVICE_FAMILY = 1;
			};
			name = Release;
		};
/* End XCBuildConfiguration section */

/* Begin XCConfigurationList section */
		428829341D37847600035A14 /* Build configuration list for PBXProject "ZXArticle" */ = {
			isa = XCConfigurationList;
			buildConfigurations = (
				4288294E1D37847600035A14 /* Debug */,
				4288294F1D37847600035A14 /* Release */,
			);
			defaultConfigurationIsVisible = 0;
			defaultConfigurationName = Release;
		};
		428829501D37847600035A14 /* Build configuration list for PBXNativeTarget "ZXArticle" */ = {
			isa = XCConfigurationList;
			buildConfigurations = (
				428829511D37847600035A14 /* Debug */,
				428829521D37847600035A14 /* Release */,
			);
			defaultConfigurationIsVisible = 0;
			defaultConfigurationName = Release;
		};
/* End XCConfigurationList section */
	};
	rootObject = 428829311D37847600035A14 /* Project object */;
}
